<?xml version="1.0" encoding="utf-8"?>
<Project ToolsVersion="4.0" xmlns="http://schemas.microsoft.com/developer/msbuild/2003">
  <ItemGroup>
    <ClCompile Include="fileReader.cpp" />
    <ClCompile Include="intersectionChecker.cpp" />
    <ClCompile Include="main.cpp" />
    <ClCompile Include="triangle.cpp" />
    <ClCompile Include="vector3d.cpp" />
    <ClCompile Include="workWithBMP.cpp" />
    <ClCompile Include="rtree.cpp" />
    <ClCompile Include="graphicalScene.cpp" />
    <ClCompile Include="projectionPlane.cpp" />
  </ItemGroup>
  <ItemGroup>
    <ClInclude Include="fileReader.h" />
    <ClInclude Include="bmp.h" />
    <ClInclude Include="intersectionChecker.h" />
    <ClInclude Include="pixel.h" />
    <ClInclude Include="projectionPlane.h" />
    <ClInclude Include="triangle.h" />
    <ClInclude Include="vector3d.h" />
    <ClInclude Include="workWithBMP.h" />
    <ClInclude Include="rtree.h" />
    <ClInclude Include="node.h" />
    <ClInclude Include="graphicalScene.h" />
  </ItemGroup>
</Project>